PODS:
  - KNSemiModalViewController (0.3)
  - THCalendarDatePicker (1.2.1):
    - KNSemiModalViewController (~> 0.3)

DEPENDENCIES:
  - THCalendarDatePicker (from `../`)

EXTERNAL SOURCES:
  THCalendarDatePicker:
    :path: "../"

SPEC CHECKSUMS:
  KNSemiModalViewController: 8c0056377714b5170c52c65977d540200405411f
  THCalendarDatePicker: 5d2b396b690796c45c30925dd0c23943141dbac6

COCOAPODS: 0.38.2
