PODS:
  - KNSemiModalViewController_hons82 (0.4.2)
  - THCalendarDatePicker (1.2.3):
    - KNSemiModalViewController_hons82 (~> 0.4.2)

DEPENDENCIES:
  - THCalendarDatePicker (from `../../THCalendarDatePicker`)

EXTERNAL SOURCES:
  THCalendarDatePicker:
    :path: "../../THCalendarDatePicker"

SPEC CHECKSUMS:
  KNSemiModalViewController_hons82: 14829870f13aeb056248b6de77f00135204f8c42
  THCalendarDatePicker: 28b10e4d32b6d571a423385829acb5558514ee8c

COCOAPODS: 0.38.2
