PODS:
  - KNSemiModalViewController_hons82 (0.4.6)
  - THCalendarDatePicker (1.2.9):
    - KNSemiModalViewController_hons82 (~> 0.4.6)

DEPENDENCIES:
  - THCalendarDatePicker (from `./../../THCalendarDatePicker`)

SPEC REPOS:
  https://github.com/cocoapods/specs.git:
    - KNSemiModalViewController_hons82

EXTERNAL SOURCES:
  THCalendarDatePicker:
    :path: "./../../THCalendarDatePicker"

SPEC CHECKSUMS:
  KNSemiModalViewController_hons82: 0fd274ce19ef79407af5ad2d4fdf30c74c8c75c8
  THCalendarDatePicker: 9f4fcdae5bfcec969d628674f11b851eec164690

PODFILE CHECKSUM: 885e321943e881d508bcc125ee4ffa7c1e514325

COCOAPODS: 1.5.3
