PODS:
  - KNSemiModalViewController_hons82 (0.4.4)
  - THCalendarDatePicker (1.2.6):
    - KNSemiModalViewController_hons82 (~> 0.4.4)

DEPENDENCIES:
  - THCalendarDatePicker (from `../../THCalendarDatePicker`)

EXTERNAL SOURCES:
  THCalendarDatePicker:
    :path: "../../THCalendarDatePicker"

SPEC CHECKSUMS:
  KNSemiModalViewController_hons82: 22aead5ef5d8ca749bc1babb43fa7d6f14b030a3
  THCalendarDatePicker: 809e0c11affecb7087eee08ca55a9a7ab083829b

COCOAPODS: 0.39.0
