PODS:
  - KNSemiModalViewController_hons82 (0.4.2)
  - THCalendarDatePicker (1.2.4):
    - KNSemiModalViewController_hons82 (~> 0.4.2)

DEPENDENCIES:
  - THCalendarDatePicker (from `../../THCalendarDatePicker`)

EXTERNAL SOURCES:
  THCalendarDatePicker:
    :path: "../../THCalendarDatePicker"

SPEC CHECKSUMS:
  KNSemiModalViewController_hons82: 14829870f13aeb056248b6de77f00135204f8c42
  THCalendarDatePicker: c128a70a7b5ad01efabc6dca856f20b178da4c1d

COCOAPODS: 0.38.2
