PODS:
  - KNSemiModalViewController@hons82 (0.4.1)
  - THCalendarDatePicker (1.2.2):
    - KNSemiModalViewController@hons82 (~> 0.4.1)

DEPENDENCIES:
  - THCalendarDatePicker (from `../../THCalendarDatePicker`)

EXTERNAL SOURCES:
  THCalendarDatePicker:
    :path: "../../THCalendarDatePicker"

SPEC CHECKSUMS:
  KNSemiModalViewController@hons82: d35dbabe2dfdfb6e218e121565fbb6f18453af00
  THCalendarDatePicker: 85d1cff6ae2514cf59e1056cba370f6a2b08f819

COCOAPODS: 0.38.2
