// !$*UTF8*$!
{
	archiveVersion = 1;
	classes = {
	};
	objectVersion = 46;
	objects = {

/* Begin PBXBuildFile section */
		0E3E459F6E776EC4207EEF02 /* Pods_THCalendarDatePickerExampleSwift.framework in Frameworks */ = {isa = PBXBuildFile; fileRef = D835DBE5D8EA353357719098 /* Pods_THCalendarDatePickerExampleSwift.framework */; };
		99C7B9371B15972D00524A3F /* AppDelegate.swift in Sources */ = {isa = PBXBuildFile; fileRef = 99C7B9361B15972D00524A3F /* AppDelegate.swift */; };
		99C7B9391B15972D00524A3F /* ViewController.swift in Sources */ = {isa = PBXBuildFile; fileRef = 99C7B9381B15972D00524A3F /* ViewController.swift */; };
		99C7B93C1B15972D00524A3F /* Main.storyboard in Resources */ = {isa = PBXBuildFile; fileRef = 99C7B93A1B15972D00524A3F /* Main.storyboard */; };
		99C7B93E1B15972D00524A3F /* Images.xcassets in Resources */ = {isa = PBXBuildFile; fileRef = 99C7B93D1B15972D00524A3F /* Images.xcassets */; };
		99C7B94D1B15972D00524A3F /* THCalendarDatePickerExampleSwiftTests.swift in Sources */ = {isa = PBXBuildFile; fileRef = 99C7B94C1B15972D00524A3F /* THCalendarDatePickerExampleSwiftTests.swift */; };
/* End PBXBuildFile section */

/* Begin PBXContainerItemProxy section */
		99C7B9471B15972D00524A3F /* PBXContainerItemProxy */ = {
			isa = PBXContainerItemProxy;
			containerPortal = 99C7B9291B15972D00524A3F /* Project object */;
			proxyType = 1;
			remoteGlobalIDString = 99C7B9301B15972D00524A3F;
			remoteInfo = THCalendarDatePickerExampleSwift;
		};
/* End PBXContainerItemProxy section */

/* Begin PBXFileReference section */
		99C7B9311B15972D00524A3F /* THCalendarDatePickerExampleSwift.app */ = {isa = PBXFileReference; explicitFileType = wrapper.application; includeInIndex = 0; path = THCalendarDatePickerExampleSwift.app; sourceTree = BUILT_PRODUCTS_DIR; };
		99C7B9351B15972D00524A3F /* Info.plist */ = {isa = PBXFileReference; lastKnownFileType = text.plist.xml; path = Info.plist; sourceTree = "<group>"; };
		99C7B9361B15972D00524A3F /* AppDelegate.swift */ = {isa = PBXFileReference; lastKnownFileType = sourcecode.swift; path = AppDelegate.swift; sourceTree = "<group>"; };
		99C7B9381B15972D00524A3F /* ViewController.swift */ = {isa = PBXFileReference; lastKnownFileType = sourcecode.swift; path = ViewController.swift; sourceTree = "<group>"; };
		99C7B93B1B15972D00524A3F /* Base */ = {isa = PBXFileReference; lastKnownFileType = file.storyboard; name = Base; path = Base.lproj/Main.storyboard; sourceTree = "<group>"; };
		99C7B93D1B15972D00524A3F /* Images.xcassets */ = {isa = PBXFileReference; lastKnownFileType = folder.assetcatalog; path = Images.xcassets; sourceTree = "<group>"; };
		99C7B9461B15972D00524A3F /* THCalendarDatePickerExampleSwiftTests.xctest */ = {isa = PBXFileReference; explicitFileType = wrapper.cfbundle; includeInIndex = 0; path = THCalendarDatePickerExampleSwiftTests.xctest; sourceTree = BUILT_PRODUCTS_DIR; };
		99C7B94B1B15972D00524A3F /* Info.plist */ = {isa = PBXFileReference; lastKnownFileType = text.plist.xml; path = Info.plist; sourceTree = "<group>"; };
		99C7B94C1B15972D00524A3F /* THCalendarDatePickerExampleSwiftTests.swift */ = {isa = PBXFileReference; lastKnownFileType = sourcecode.swift; path = THCalendarDatePickerExampleSwiftTests.swift; sourceTree = "<group>"; };
		D835DBE5D8EA353357719098 /* Pods_THCalendarDatePickerExampleSwift.framework */ = {isa = PBXFileReference; explicitFileType = wrapper.framework; includeInIndex = 0; path = Pods_THCalendarDatePickerExampleSwift.framework; sourceTree = BUILT_PRODUCTS_DIR; };
		E5CB2D30BDAEF571986C650B /* Pods-THCalendarDatePickerExampleSwift.release.xcconfig */ = {isa = PBXFileReference; includeInIndex = 1; lastKnownFileType = text.xcconfig; name = "Pods-THCalendarDatePickerExampleSwift.release.xcconfig"; path = "Target Support Files/Pods-THCalendarDatePickerExampleSwift/Pods-THCalendarDatePickerExampleSwift.release.xcconfig"; sourceTree = "<group>"; };
		E935C6D1C3A232AF330603CD /* Pods-THCalendarDatePickerExampleSwift.debug.xcconfig */ = {isa = PBXFileReference; includeInIndex = 1; lastKnownFileType = text.xcconfig; name = "Pods-THCalendarDatePickerExampleSwift.debug.xcconfig"; path = "Target Support Files/Pods-THCalendarDatePickerExampleSwift/Pods-THCalendarDatePickerExampleSwift.debug.xcconfig"; sourceTree = "<group>"; };
/* End PBXFileReference section */

/* Begin PBXFrameworksBuildPhase section */
		99C7B92E1B15972D00524A3F /* Frameworks */ = {
			isa = PBXFrameworksBuildPhase;
			buildActionMask = 2147483647;
			files = (
				0E3E459F6E776EC4207EEF02 /* Pods_THCalendarDatePickerExampleSwift.framework in Frameworks */,
			);
			runOnlyForDeploymentPostprocessing = 0;
		};
		99C7B9431B15972D00524A3F /* Frameworks */ = {
			isa = PBXFrameworksBuildPhase;
			buildActionMask = 2147483647;
			files = (
			);
			runOnlyForDeploymentPostprocessing = 0;
		};
/* End PBXFrameworksBuildPhase section */

/* Begin PBXGroup section */
		52DB1D3A50AE6281356C2CDF /* Pods */ = {
			isa = PBXGroup;
			children = (
				E935C6D1C3A232AF330603CD /* Pods-THCalendarDatePickerExampleSwift.debug.xcconfig */,
				E5CB2D30BDAEF571986C650B /* Pods-THCalendarDatePickerExampleSwift.release.xcconfig */,
			);
			path = Pods;
			sourceTree = "<group>";
		};
		99C7B9281B15972D00524A3F = {
			isa = PBXGroup;
			children = (
				99C7B9331B15972D00524A3F /* THCalendarDatePickerExampleSwift */,
				99C7B9491B15972D00524A3F /* THCalendarDatePickerExampleSwiftTests */,
				99C7B9321B15972D00524A3F /* Products */,
				52DB1D3A50AE6281356C2CDF /* Pods */,
				A159077F11D6B62E2F8DE73D /* Frameworks */,
			);
			sourceTree = "<group>";
		};
		99C7B9321B15972D00524A3F /* Products */ = {
			isa = PBXGroup;
			children = (
				99C7B9311B15972D00524A3F /* THCalendarDatePickerExampleSwift.app */,
				99C7B9461B15972D00524A3F /* THCalendarDatePickerExampleSwiftTests.xctest */,
			);
			name = Products;
			sourceTree = "<group>";
		};
		99C7B9331B15972D00524A3F /* THCalendarDatePickerExampleSwift */ = {
			isa = PBXGroup;
			children = (
				99C7B9361B15972D00524A3F /* AppDelegate.swift */,
				99C7B9381B15972D00524A3F /* ViewController.swift */,
				99C7B93A1B15972D00524A3F /* Main.storyboard */,
				99C7B93D1B15972D00524A3F /* Images.xcassets */,
				99C7B9341B15972D00524A3F /* Supporting Files */,
			);
			path = THCalendarDatePickerExampleSwift;
			sourceTree = "<group>";
		};
		99C7B9341B15972D00524A3F /* Supporting Files */ = {
			isa = PBXGroup;
			children = (
				99C7B9351B15972D00524A3F /* Info.plist */,
			);
			name = "Supporting Files";
			sourceTree = "<group>";
		};
		99C7B9491B15972D00524A3F /* THCalendarDatePickerExampleSwiftTests */ = {
			isa = PBXGroup;
			children = (
				99C7B94C1B15972D00524A3F /* THCalendarDatePickerExampleSwiftTests.swift */,
				99C7B94A1B15972D00524A3F /* Supporting Files */,
			);
			path = THCalendarDatePickerExampleSwiftTests;
			sourceTree = "<group>";
		};
		99C7B94A1B15972D00524A3F /* Supporting Files */ = {
			isa = PBXGroup;
			children = (
				99C7B94B1B15972D00524A3F /* Info.plist */,
			);
			name = "Supporting Files";
			sourceTree = "<group>";
		};
		A159077F11D6B62E2F8DE73D /* Frameworks */ = {
			isa = PBXGroup;
			children = (
				D835DBE5D8EA353357719098 /* Pods_THCalendarDatePickerExampleSwift.framework */,
			);
			name = Frameworks;
			sourceTree = "<group>";
		};
/* End PBXGroup section */

/* Begin PBXNativeTarget section */
		99C7B9301B15972D00524A3F /* THCalendarDatePickerExampleSwift */ = {
			isa = PBXNativeTarget;
			buildConfigurationList = 99C7B9501B15972D00524A3F /* Build configuration list for PBXNativeTarget "THCalendarDatePickerExampleSwift" */;
			buildPhases = (
				29B467AB8C1A29C0FA72C519 /* [CP] Check Pods Manifest.lock */,
				99C7B92D1B15972D00524A3F /* Sources */,
				99C7B92E1B15972D00524A3F /* Frameworks */,
				99C7B92F1B15972D00524A3F /* Resources */,
				5FF16C119B7E788EC0C35E6A /* [CP] Embed Pods Frameworks */,
			);
			buildRules = (
			);
			dependencies = (
			);
			name = THCalendarDatePickerExampleSwift;
			productName = THCalendarDatePickerExampleSwift;
			productReference = 99C7B9311B15972D00524A3F /* THCalendarDatePickerExampleSwift.app */;
			productType = "com.apple.product-type.application";
		};
		99C7B9451B15972D00524A3F /* THCalendarDatePickerExampleSwiftTests */ = {
			isa = PBXNativeTarget;
			buildConfigurationList = 99C7B9531B15972D00524A3F /* Build configuration list for PBXNativeTarget "THCalendarDatePickerExampleSwiftTests" */;
			buildPhases = (
				99C7B9421B15972D00524A3F /* Sources */,
				99C7B9431B15972D00524A3F /* Frameworks */,
				99C7B9441B15972D00524A3F /* Resources */,
			);
			buildRules = (
			);
			dependencies = (
				99C7B9481B15972D00524A3F /* PBXTargetDependency */,
			);
			name = THCalendarDatePickerExampleSwiftTests;
			productName = THCalendarDatePickerExampleSwiftTests;
			productReference = 99C7B9461B15972D00524A3F /* THCalendarDatePickerExampleSwiftTests.xctest */;
			productType = "com.apple.product-type.bundle.unit-test";
		};
/* End PBXNativeTarget section */

/* Begin PBXProject section */
		99C7B9291B15972D00524A3F /* Project object */ = {
			isa = PBXProject;
			attributes = {
				LastUpgradeCheck = 1130;
				ORGANIZATIONNAME = 3Bus;
				TargetAttributes = {
					99C7B9301B15972D00524A3F = {
						CreatedOnToolsVersion = 6.3.2;
						LastSwiftMigration = 1130;
					};
					99C7B9451B15972D00524A3F = {
						CreatedOnToolsVersion = 6.3.2;
						LastSwiftMigration = 1130;
						TestTargetID = 99C7B9301B15972D00524A3F;
					};
				};
			};
			buildConfigurationList = 99C7B92C1B15972D00524A3F /* Build configuration list for PBXProject "THCalendarDatePickerExampleSwift" */;
			compatibilityVersion = "Xcode 3.2";
			developmentRegion = en;
			hasScannedForEncodings = 0;
			knownRegions = (
				en,
				Base,
			);
			mainGroup = 99C7B9281B15972D00524A3F;
			productRefGroup = 99C7B9321B15972D00524A3F /* Products */;
			projectDirPath = "";
			projectRoot = "";
			targets = (
				99C7B9301B15972D00524A3F /* THCalendarDatePickerExampleSwift */,
				99C7B9451B15972D00524A3F /* THCalendarDatePickerExampleSwiftTests */,
			);
		};
/* End PBXProject section */

/* Begin PBXResourcesBuildPhase section */
		99C7B92F1B15972D00524A3F /* Resources */ = {
			isa = PBXResourcesBuildPhase;
			buildActionMask = 2147483647;
			files = (
				99C7B93C1B15972D00524A3F /* Main.storyboard in Resources */,
				99C7B93E1B15972D00524A3F /* Images.xcassets in Resources */,
			);
			runOnlyForDeploymentPostprocessing = 0;
		};
		99C7B9441B15972D00524A3F /* Resources */ = {
			isa = PBXResourcesBuildPhase;
			buildActionMask = 2147483647;
			files = (
			);
			runOnlyForDeploymentPostprocessing = 0;
		};
/* End PBXResourcesBuildPhase section */

/* Begin PBXShellScriptBuildPhase section */
		29B467AB8C1A29C0FA72C519 /* [CP] Check Pods Manifest.lock */ = {
			isa = PBXShellScriptBuildPhase;
			buildActionMask = 2147483647;
			files = (
			);
			inputFileListPaths = (
			);
			inputPaths = (
				"${PODS_PODFILE_DIR_PATH}/Podfile.lock",
				"${PODS_ROOT}/Manifest.lock",
			);
			name = "[CP] Check Pods Manifest.lock";
			outputFileListPaths = (
			);
			outputPaths = (
				"$(DERIVED_FILE_DIR)/Pods-THCalendarDatePickerExampleSwift-checkManifestLockResult.txt",
			);
			runOnlyForDeploymentPostprocessing = 0;
			shellPath = /bin/sh;
			shellScript = "diff \"${PODS_PODFILE_DIR_PATH}/Podfile.lock\" \"${PODS_ROOT}/Manifest.lock\" > /dev/null\nif [ $? != 0 ] ; then\n    # print error to STDERR\n    echo \"error: The sandbox is not in sync with the Podfile.lock. Run 'pod install' or update your CocoaPods installation.\" >&2\n    exit 1\nfi\n# This output is used by Xcode 'outputs' to avoid re-running this script phase.\necho \"SUCCESS\" > \"${SCRIPT_OUTPUT_FILE_0}\"\n";
			showEnvVarsInLog = 0;
		};
		5FF16C119B7E788EC0C35E6A /* [CP] Embed Pods Frameworks */ = {
			isa = PBXShellScriptBuildPhase;
			buildActionMask = 2147483647;
			files = (
			);
			inputPaths = (
				"${PODS_ROOT}/Target Support Files/Pods-THCalendarDatePickerExampleSwift/Pods-THCalendarDatePickerExampleSwift-frameworks.sh",
				"${BUILT_PRODUCTS_DIR}/KNSemiModalViewController_hons82/KNSemiModalViewController_hons82.framework",
				"${BUILT_PRODUCTS_DIR}/THCalendarDatePicker/THCalendarDatePicker.framework",
			);
			name = "[CP] Embed Pods Frameworks";
			outputPaths = (
				"${TARGET_BUILD_DIR}/${FRAMEWORKS_FOLDER_PATH}/KNSemiModalViewController_hons82.framework",
				"${TARGET_BUILD_DIR}/${FRAMEWORKS_FOLDER_PATH}/THCalendarDatePicker.framework",
			);
			runOnlyForDeploymentPostprocessing = 0;
			shellPath = /bin/sh;
			shellScript = "\"${PODS_ROOT}/Target Support Files/Pods-THCalendarDatePickerExampleSwift/Pods-THCalendarDatePickerExampleSwift-frameworks.sh\"\n";
			showEnvVarsInLog = 0;
		};
/* End PBXShellScriptBuildPhase section */

/* Begin PBXSourcesBuildPhase section */
		99C7B92D1B15972D00524A3F /* Sources */ = {
			isa = PBXSourcesBuildPhase;
			buildActionMask = 2147483647;
			files = (
				99C7B9391B15972D00524A3F /* ViewController.swift in Sources */,
				99C7B9371B15972D00524A3F /* AppDelegate.swift in Sources */,
			);
			runOnlyForDeploymentPostprocessing = 0;
		};
		99C7B9421B15972D00524A3F /* Sources */ = {
			isa = PBXSourcesBuildPhase;
			buildActionMask = 2147483647;
			files = (
				99C7B94D1B15972D00524A3F /* THCalendarDatePickerExampleSwiftTests.swift in Sources */,
			);
			runOnlyForDeploymentPostprocessing = 0;
		};
/* End PBXSourcesBuildPhase section */

/* Begin PBXTargetDependency section */
		99C7B9481B15972D00524A3F /* PBXTargetDependency */ = {
			isa = PBXTargetDependency;
			target = 99C7B9301B15972D00524A3F /* THCalendarDatePickerExampleSwift */;
			targetProxy = 99C7B9471B15972D00524A3F /* PBXContainerItemProxy */;
		};
/* End PBXTargetDependency section */

/* Begin PBXVariantGroup section */
		99C7B93A1B15972D00524A3F /* Main.storyboard */ = {
			isa = PBXVariantGroup;
			children = (
				99C7B93B1B15972D00524A3F /* Base */,
			);
			name = Main.storyboard;
			sourceTree = "<group>";
		};
/* End PBXVariantGroup section */

/* Begin XCBuildConfiguration section */
		99C7B94E1B15972D00524A3F /* Debug */ = {
			isa = XCBuildConfiguration;
			buildSettings = {
				ALWAYS_SEARCH_USER_PATHS = NO;
				CLANG_ANALYZER_LOCALIZABILITY_NONLOCALIZED = YES;
				CLANG_CXX_LANGUAGE_STANDARD = "gnu++0x";
				CLANG_CXX_LIBRARY = "libc++";
				CLANG_ENABLE_MODULES = YES;
				CLANG_ENABLE_OBJC_ARC = YES;
				CLANG_WARN_BLOCK_CAPTURE_AUTORELEASING = YES;
				CLANG_WARN_BOOL_CONVERSION = YES;
				CLANG_WARN_COMMA = YES;
				CLANG_WARN_CONSTANT_CONVERSION = YES;
				CLANG_WARN_DEPRECATED_OBJC_IMPLEMENTATIONS = YES;
				CLANG_WARN_DIRECT_OBJC_ISA_USAGE = YES_ERROR;
				CLANG_WARN_EMPTY_BODY = YES;
				CLANG_WARN_ENUM_CONVERSION = YES;
				CLANG_WARN_INFINITE_RECURSION = YES;
				CLANG_WARN_INT_CONVERSION = YES;
				CLANG_WARN_NON_LITERAL_NULL_CONVERSION = YES;
				CLANG_WARN_OBJC_IMPLICIT_RETAIN_SELF = YES;
				CLANG_WARN_OBJC_LITERAL_CONVERSION = YES;
				CLANG_WARN_OBJC_ROOT_CLASS = YES_ERROR;
				CLANG_WARN_RANGE_LOOP_ANALYSIS = YES;
				CLANG_WARN_STRICT_PROTOTYPES = YES;
				CLANG_WARN_SUSPICIOUS_MOVE = YES;
				CLANG_WARN_UNREACHABLE_CODE = YES;
				CLANG_WARN__DUPLICATE_METHOD_MATCH = YES;
				"CODE_SIGN_IDENTITY[sdk=iphoneos*]" = "iPhone Developer";
				COPY_PHASE_STRIP = NO;
				DEBUG_INFORMATION_FORMAT = "dwarf-with-dsym";
				ENABLE_STRICT_OBJC_MSGSEND = YES;
				ENABLE_TESTABILITY = YES;
				GCC_C_LANGUAGE_STANDARD = gnu99;
				GCC_DYNAMIC_NO_PIC = NO;
				GCC_NO_COMMON_BLOCKS = YES;
				GCC_OPTIMIZATION_LEVEL = 0;
				GCC_PREPROCESSOR_DEFINITIONS = (
					"DEBUG=1",
					"$(inherited)",
				);
				GCC_SYMBOLS_PRIVATE_EXTERN = NO;
				GCC_WARN_64_TO_32_BIT_CONVERSION = YES;
				GCC_WARN_ABOUT_RETURN_TYPE = YES_ERROR;
				GCC_WARN_UNDECLARED_SELECTOR = YES;
				GCC_WARN_UNINITIALIZED_AUTOS = YES_AGGRESSIVE;
				GCC_WARN_UNUSED_FUNCTION = YES;
				GCC_WARN_UNUSED_VARIABLE = YES;
				IPHONEOS_DEPLOYMENT_TARGET = 8.3;
				MTL_ENABLE_DEBUG_INFO = YES;
				ONLY_ACTIVE_ARCH = YES;
				SDKROOT = iphoneos;
				SWIFT_OPTIMIZATION_LEVEL = "-Onone";
				SWIFT_VERSION = 4.0;
				TARGETED_DEVICE_FAMILY = "1,2";
			};
			name = Debug;
		};
		99C7B94F1B15972D00524A3F /* Release */ = {
			isa = XCBuildConfiguration;
			buildSettings = {
				ALWAYS_SEARCH_USER_PATHS = NO;
				CLANG_ANALYZER_LOCALIZABILITY_NONLOCALIZED = YES;
				CLANG_CXX_LANGUAGE_STANDARD = "gnu++0x";
				CLANG_CXX_LIBRARY = "libc++";
				CLANG_ENABLE_MODULES = YES;
				CLANG_ENABLE_OBJC_ARC = YES;
				CLANG_WARN_BLOCK_CAPTURE_AUTORELEASING = YES;
				CLANG_WARN_BOOL_CONVERSION = YES;
				CLANG_WARN_COMMA = YES;
				CLANG_WARN_CONSTANT_CONVERSION = YES;
				CLANG_WARN_DEPRECATED_OBJC_IMPLEMENTATIONS = YES;
				CLANG_WARN_DIRECT_OBJC_ISA_USAGE = YES_ERROR;
				CLANG_WARN_EMPTY_BODY = YES;
				CLANG_WARN_ENUM_CONVERSION = YES;
				CLANG_WARN_INFINITE_RECURSION = YES;
				CLANG_WARN_INT_CONVERSION = YES;
				CLANG_WARN_NON_LITERAL_NULL_CONVERSION = YES;
				CLANG_WARN_OBJC_IMPLICIT_RETAIN_SELF = YES;
				CLANG_WARN_OBJC_LITERAL_CONVERSION = YES;
				CLANG_WARN_OBJC_ROOT_CLASS = YES_ERROR;
				CLANG_WARN_RANGE_LOOP_ANALYSIS = YES;
				CLANG_WARN_STRICT_PROTOTYPES = YES;
				CLANG_WARN_SUSPICIOUS_MOVE = YES;
				CLANG_WARN_UNREACHABLE_CODE = YES;
				CLANG_WARN__DUPLICATE_METHOD_MATCH = YES;
				"CODE_SIGN_IDENTITY[sdk=iphoneos*]" = "iPhone Developer";
				COPY_PHASE_STRIP = NO;
				DEBUG_INFORMATION_FORMAT = "dwarf-with-dsym";
				ENABLE_NS_ASSERTIONS = NO;
				ENABLE_STRICT_OBJC_MSGSEND = YES;
				GCC_C_LANGUAGE_STANDARD = gnu99;
				GCC_NO_COMMON_BLOCKS = YES;
				GCC_WARN_64_TO_32_BIT_CONVERSION = YES;
				GCC_WARN_ABOUT_RETURN_TYPE = YES_ERROR;
				GCC_WARN_UNDECLARED_SELECTOR = YES;
				GCC_WARN_UNINITIALIZED_AUTOS = YES_AGGRESSIVE;
				GCC_WARN_UNUSED_FUNCTION = YES;
				GCC_WARN_UNUSED_VARIABLE = YES;
				IPHONEOS_DEPLOYMENT_TARGET = 8.3;
				MTL_ENABLE_DEBUG_INFO = NO;
				SDKROOT = iphoneos;
				SWIFT_COMPILATION_MODE = wholemodule;
				SWIFT_VERSION = 4.0;
				TARGETED_DEVICE_FAMILY = "1,2";
				VALIDATE_PRODUCT = YES;
			};
			name = Release;
		};
		99C7B9511B15972D00524A3F /* Debug */ = {
			isa = XCBuildConfiguration;
			baseConfigurationReference = E935C6D1C3A232AF330603CD /* Pods-THCalendarDatePickerExampleSwift.debug.xcconfig */;
			buildSettings = {
				ASSETCATALOG_COMPILER_APPICON_NAME = AppIcon;
				INFOPLIST_FILE = THCalendarDatePickerExampleSwift/Info.plist;
				LD_RUNPATH_SEARCH_PATHS = "$(inherited) @executable_path/Frameworks";
				PRODUCT_BUNDLE_IDENTIFIER = "it.3bus.$(PRODUCT_NAME:rfc1034identifier)";
				PRODUCT_NAME = "$(TARGET_NAME)";
				SWIFT_VERSION = 5.0;
			};
			name = Debug;
		};
		99C7B9521B15972D00524A3F /* Release */ = {
			isa = XCBuildConfiguration;
			baseConfigurationReference = E5CB2D30BDAEF571986C650B /* Pods-THCalendarDatePickerExampleSwift.release.xcconfig */;
			buildSettings = {
				ASSETCATALOG_COMPILER_APPICON_NAME = AppIcon;
				INFOPLIST_FILE = THCalendarDatePickerExampleSwift/Info.plist;
				LD_RUNPATH_SEARCH_PATHS = "$(inherited) @executable_path/Frameworks";
				PRODUCT_BUNDLE_IDENTIFIER = "it.3bus.$(PRODUCT_NAME:rfc1034identifier)";
				PRODUCT_NAME = "$(TARGET_NAME)";
				SWIFT_VERSION = 5.0;
			};
			name = Release;
		};
		99C7B9541B15972D00524A3F /* Debug */ = {
			isa = XCBuildConfiguration;
			buildSettings = {
				BUNDLE_LOADER = "$(TEST_HOST)";
				FRAMEWORK_SEARCH_PATHS = (
					"$(SDKROOT)/Developer/Library/Frameworks",
					"$(inherited)",
				);
				GCC_PREPROCESSOR_DEFINITIONS = (
					"DEBUG=1",
					"$(inherited)",
				);
				INFOPLIST_FILE = THCalendarDatePickerExampleSwiftTests/Info.plist;
				LD_RUNPATH_SEARCH_PATHS = "$(inherited) @executable_path/Frameworks @loader_path/Frameworks";
				PRODUCT_BUNDLE_IDENTIFIER = "it.3bus.$(PRODUCT_NAME:rfc1034identifier)";
				PRODUCT_NAME = "$(TARGET_NAME)";
				SWIFT_VERSION = 5.0;
				TEST_HOST = "$(BUILT_PRODUCTS_DIR)/THCalendarDatePickerExampleSwift.app/THCalendarDatePickerExampleSwift";
			};
			name = Debug;
		};
		99C7B9551B15972D00524A3F /* Release */ = {
			isa = XCBuildConfiguration;
			buildSettings = {
				BUNDLE_LOADER = "$(TEST_HOST)";
				FRAMEWORK_SEARCH_PATHS = (
					"$(SDKROOT)/Developer/Library/Frameworks",
					"$(inherited)",
				);
				INFOPLIST_FILE = THCalendarDatePickerExampleSwiftTests/Info.plist;
				LD_RUNPATH_SEARCH_PATHS = "$(inherited) @executable_path/Frameworks @loader_path/Frameworks";
				PRODUCT_BUNDLE_IDENTIFIER = "it.3bus.$(PRODUCT_NAME:rfc1034identifier)";
				PRODUCT_NAME = "$(TARGET_NAME)";
				SWIFT_VERSION = 5.0;
				TEST_HOST = "$(BUILT_PRODUCTS_DIR)/THCalendarDatePickerExampleSwift.app/THCalendarDatePickerExampleSwift";
			};
			name = Release;
		};
/* End XCBuildConfiguration section */

/* Begin XCConfigurationList section */
		99C7B92C1B15972D00524A3F /* Build configuration list for PBXProject "THCalendarDatePickerExampleSwift" */ = {
			isa = XCConfigurationList;
			buildConfigurations = (
				99C7B94E1B15972D00524A3F /* Debug */,
				99C7B94F1B15972D00524A3F /* Release */,
			);
			defaultConfigurationIsVisible = 0;
			defaultConfigurationName = Release;
		};
		99C7B9501B15972D00524A3F /* Build configuration list for PBXNativeTarget "THCalendarDatePickerExampleSwift" */ = {
			isa = XCConfigurationList;
			buildConfigurations = (
				99C7B9511B15972D00524A3F /* Debug */,
				99C7B9521B15972D00524A3F /* Release */,
			);
			defaultConfigurationIsVisible = 0;
			defaultConfigurationName = Release;
		};
		99C7B9531B15972D00524A3F /* Build configuration list for PBXNativeTarget "THCalendarDatePickerExampleSwiftTests" */ = {
			isa = XCConfigurationList;
			buildConfigurations = (
				99C7B9541B15972D00524A3F /* Debug */,
				99C7B9551B15972D00524A3F /* Release */,
			);
			defaultConfigurationIsVisible = 0;
			defaultConfigurationName = Release;
		};
/* End XCConfigurationList section */
	};
	rootObject = 99C7B9291B15972D00524A3F /* Project object */;
}
